<?xml version="1.0" encoding="utf-8"?>
<Project ToolsVersion="4.0" xmlns="http://schemas.microsoft.com/developer/msbuild/2003">
  <ItemGroup>
    <ClCompile Include="Render\Camera.cpp">
      <Filter>Render</Filter>
    </ClCompile>
    <ClCompile Include="Render\Render.cpp">
      <Filter>Render</Filter>
    </ClCompile>
    <ClCompile Include="RenderUtils.cpp" />
    <ClCompile Include="main.cpp" />
    <ClCompile Include="callbacks.cpp" />
    <ClCompile Include="Particle.cpp" />
    <ClCompile Include="SceneManager.cpp" />
    <ClCompile Include="ParticleSystem.cpp" />
    <ClCompile Include="ForceGenerator.cpp">
      <Filter>ForceGenerators</Filter>
    </ClCompile>
    <ClCompile Include="GravityForceGenerator.cpp">
      <Filter>ForceGenerators</Filter>
    </ClCompile>
    <ClCompile Include="GaussianParticleGenerator.cpp">
      <Filter>ParticleGenerators</Filter>
    </ClCompile>
    <ClCompile Include="ParticleGenerator.cpp">
      <Filter>ParticleGenerators</Filter>
    </ClCompile>
    <ClCompile Include="UniformParticleGenerator.cpp">
      <Filter>ParticleGenerators</Filter>
    </ClCompile>
    <ClCompile Include="Firework.cpp">
      <Filter>ParticleGenerators</Filter>
    </ClCompile>
    <ClCompile Include="WindForceGenerator.cpp" />
  </ItemGroup>
  <ItemGroup>
    <ClInclude Include="core.hpp" />
    <ClInclude Include="Render\Camera.h">
      <Filter>Render</Filter>
    </ClInclude>
    <ClInclude Include="Render\Render.h">
      <Filter>Render</Filter>
    </ClInclude>
    <ClInclude Include="RenderUtils.hpp" />
    <ClInclude Include="callbacks.hpp" />
    <ClInclude Include="Particle.h" />
    <ClInclude Include="SceneManager.h" />
    <ClInclude Include="ParticleSystem.h" />
    <ClInclude Include="Data.h" />
    <ClInclude Include="ForceGenerator.h">
      <Filter>ForceGenerators</Filter>
    </ClInclude>
    <ClInclude Include="GravityForceGenerator.h">
      <Filter>ForceGenerators</Filter>
    </ClInclude>
    <ClInclude Include="GaussianParticleGenerator.h">
      <Filter>ParticleGenerators</Filter>
    </ClInclude>
    <ClInclude Include="ParticleGenerator.h">
      <Filter>ParticleGenerators</Filter>
    </ClInclude>
    <ClInclude Include="UniformParticleGenerator.h">
      <Filter>ParticleGenerators</Filter>
    </ClInclude>
    <ClInclude Include="Firework.h">
      <Filter>ParticleGenerators</Filter>
    </ClInclude>
    <ClInclude Include="WindForceGenerator.h" />
  </ItemGroup>
  <ItemGroup>
    <Filter Include="Render">
      <UniqueIdentifier>{d04b4f9f-5a69-465e-8070-25c6d0bcd3c2}</UniqueIdentifier>
    </Filter>
    <Filter Include="ForceGenerators">
      <UniqueIdentifier>{18d107fb-d8ca-42ff-901c-87315efa6ae3}</UniqueIdentifier>
    </Filter>
    <Filter Include="ParticleGenerators">
      <UniqueIdentifier>{fd3d3d39-c20a-4ad4-95cd-8a3e7b123e1c}</UniqueIdentifier>
    </Filter>
  </ItemGroup>
</Project>